
Microsoft Visual Studio Solution File, Format Version 12.00
# Visual Studio Version 16
VisualStudioVersion = 16.0.33027.164
MinimumVisualStudioVersion = 10.0.40219.1
Project("{FAE04EC0-301F-11D3-BF4B-00C04F79EFBC}") = "PD.ECom.API", "PD.ECom.API\PD.ECom.API.csproj", "{7A24B4F6-7681-464A-B72E-A5F24F025FAE}"
EndProject
Global
	GlobalSection(SolutionConfigurationPlatforms) = preSolution
		Debug|Any CPU = Debug|Any CPU
		Release|Any CPU = Release|Any CPU
	EndGlobalSection
	GlobalSection(ProjectConfigurationPlatforms) = postSolution
		{7A24B4F6-7681-464A-B72E-A5F24F025FAE}.Debug|Any CPU.ActiveCfg = Debug|Any CPU
		{7A24B4F6-7681-464A-B72E-A5F24F025FAE}.Debug|Any CPU.Build.0 = Debug|Any CPU
		{7A24B4F6-7681-464A-B72E-A5F24F025FAE}.Release|Any CPU.ActiveCfg = Release|Any CPU
		{7A24B4F6-7681-464A-B72E-A5F24F025FAE}.Release|Any CPU.Build.0 = Release|Any CPU
	EndGlobalSection
	GlobalSection(SolutionProperties) = preSolution
		HideSolutionNode = FALSE
	EndGlobalSection
	GlobalSection(ExtensibilityGlobals) = postSolution
		SolutionGuid = {EA36C731-7FF6-47AA-AA48-728C493453C6}
	EndGlobalSection
EndGlobal
